
Microsoft Visual Studio Solution File, Format Version 12.00
# Visual Studio Version 17
VisualStudioVersion = 17.0.32014.148
MinimumVisualStudioVersion = 10.0.40219.1
Project("{9A19103F-16F7-4668-BE54-9A1E7A4F7556}") = "DotawinGRPC.DataServer", "DotawinGRPC.DataServer\DotawinGRPC.DataServer.csproj", "{DFFCFF1F-218C-4143-A0E2-F31B80B91201}"
EndProject
Project("{9A19103F-16F7-4668-BE54-9A1E7A4F7556}") = "DotawinGRPC.Updater", "DotawinGRPC.Updater\DotawinGRPC.Updater.csproj", "{38C1DCFA-8D83-45FA-AE61-E173075D78A6}"
EndProject
Project("{FAE04EC0-301F-11D3-BF4B-00C04F79EFBC}") = "DotawinGRPC.Transformer", "DotawinGRPC.Transformer\DotawinGRPC.Transformer.csproj", "{FA1F15A7-7C27-4539-8E1F-CE54E7F916C3}"
EndProject
Global
	GlobalSection(SolutionConfigurationPlatforms) = preSolution
		Debug|Any CPU = Debug|Any CPU
		Release|Any CPU = Release|Any CPU
	EndGlobalSection
	GlobalSection(ProjectConfigurationPlatforms) = postSolution
		{DFFCFF1F-218C-4143-A0E2-F31B80B91201}.Debug|Any CPU.ActiveCfg = Debug|Any CPU
		{DFFCFF1F-218C-4143-A0E2-F31B80B91201}.Debug|Any CPU.Build.0 = Debug|Any CPU
		{DFFCFF1F-218C-4143-A0E2-F31B80B91201}.Release|Any CPU.ActiveCfg = Release|Any CPU
		{DFFCFF1F-218C-4143-A0E2-F31B80B91201}.Release|Any CPU.Build.0 = Release|Any CPU
		{38C1DCFA-8D83-45FA-AE61-E173075D78A6}.Debug|Any CPU.ActiveCfg = Debug|Any CPU
		{38C1DCFA-8D83-45FA-AE61-E173075D78A6}.Debug|Any CPU.Build.0 = Debug|Any CPU
		{38C1DCFA-8D83-45FA-AE61-E173075D78A6}.Release|Any CPU.ActiveCfg = Release|Any CPU
		{38C1DCFA-8D83-45FA-AE61-E173075D78A6}.Release|Any CPU.Build.0 = Release|Any CPU
		{FA1F15A7-7C27-4539-8E1F-CE54E7F916C3}.Debug|Any CPU.ActiveCfg = Debug|Any CPU
		{FA1F15A7-7C27-4539-8E1F-CE54E7F916C3}.Debug|Any CPU.Build.0 = Debug|Any CPU
		{FA1F15A7-7C27-4539-8E1F-CE54E7F916C3}.Release|Any CPU.ActiveCfg = Release|Any CPU
		{FA1F15A7-7C27-4539-8E1F-CE54E7F916C3}.Release|Any CPU.Build.0 = Release|Any CPU
	EndGlobalSection
	GlobalSection(SolutionProperties) = preSolution
		HideSolutionNode = FALSE
	EndGlobalSection
	GlobalSection(ExtensibilityGlobals) = postSolution
		SolutionGuid = {F65DBF6A-CF2D-4645-9D63-EDBACDA770F1}
	EndGlobalSection
EndGlobal
